
Microsoft Visual Studio Solution File, Format Version 12.00
# Visual Studio Version 17
VisualStudioVersion = 17.9.34622.214
MinimumVisualStudioVersion = 10.0.40219.1
Project("{FAE04EC0-301F-11D3-BF4B-00C04F79EFBC}") = "24.2Taller2DSabadoTienda", "24.2Taller2DSabadoTienda.csproj", "{D6F6D4EF-451D-44C9-B087-E115B1DF8685}"
EndProject
Global
	GlobalSection(SolutionConfigurationPlatforms) = preSolution
		Debug|Any CPU = Debug|Any CPU
		Release|Any CPU = Release|Any CPU
	EndGlobalSection
	GlobalSection(ProjectConfigurationPlatforms) = postSolution
		{D6F6D4EF-451D-44C9-B087-E115B1DF8685}.Debug|Any CPU.ActiveCfg = Debug|Any CPU
		{D6F6D4EF-451D-44C9-B087-E115B1DF8685}.Debug|Any CPU.Build.0 = Debug|Any CPU
		{D6F6D4EF-451D-44C9-B087-E115B1DF8685}.Release|Any CPU.ActiveCfg = Release|Any CPU
		{D6F6D4EF-451D-44C9-B087-E115B1DF8685}.Release|Any CPU.Build.0 = Release|Any CPU
	EndGlobalSection
	GlobalSection(SolutionProperties) = preSolution
		HideSolutionNode = FALSE
	EndGlobalSection
	GlobalSection(ExtensibilityGlobals) = postSolution
		SolutionGuid = {E89A76EC-6968-47A9-BB8D-AC47771B5E03}
	EndGlobalSection
EndGlobal
